
Microsoft Visual Studio Solution File, Format Version 12.00
# Visual Studio Version 17
VisualStudioVersion = 17.12.35514.174
MinimumVisualStudioVersion = 10.0.40219.1
Project("{FAE04EC0-301F-11D3-BF4B-00C04F79EFBC}") = "WPF10", "WPF10\WPF10.csproj", "{92F36F2A-8DAB-4369-8411-B9FC9863CD80}"
EndProject
Project("{FAE04EC0-301F-11D3-BF4B-00C04F79EFBC}") = "WPF10.1", "WPF10.1\WPF10.1.csproj", "{495EE6A3-8C5F-4A3A-817C-98A3E0A4B5D9}"
EndProject
Project("{FAE04EC0-301F-11D3-BF4B-00C04F79EFBC}") = "WPF10.2", "WPF10.2\WPF10.2.csproj", "{D7D01F7F-4BDC-444E-9118-BF440734D110}"
EndProject
Project("{FAE04EC0-301F-11D3-BF4B-00C04F79EFBC}") = "WPF10.3", "WPF10.3\WPF10.3.csproj", "{D36B8E7D-DF07-4EE8-BA82-2D6A8B3E547A}"
EndProject
Project("{FAE04EC0-301F-11D3-BF4B-00C04F79EFBC}") = "WPF10.4", "WPF10.4\WPF10.4.csproj", "{11FCCEAA-39BA-4BA4-9480-3CBCC6B4E954}"
EndProject
Global
	GlobalSection(SolutionConfigurationPlatforms) = preSolution
		Debug|Any CPU = Debug|Any CPU
		Release|Any CPU = Release|Any CPU
	EndGlobalSection
	GlobalSection(ProjectConfigurationPlatforms) = postSolution
		{92F36F2A-8DAB-4369-8411-B9FC9863CD80}.Debug|Any CPU.ActiveCfg = Debug|Any CPU
		{92F36F2A-8DAB-4369-8411-B9FC9863CD80}.Debug|Any CPU.Build.0 = Debug|Any CPU
		{92F36F2A-8DAB-4369-8411-B9FC9863CD80}.Release|Any CPU.ActiveCfg = Release|Any CPU
		{92F36F2A-8DAB-4369-8411-B9FC9863CD80}.Release|Any CPU.Build.0 = Release|Any CPU
		{495EE6A3-8C5F-4A3A-817C-98A3E0A4B5D9}.Debug|Any CPU.ActiveCfg = Debug|Any CPU
		{495EE6A3-8C5F-4A3A-817C-98A3E0A4B5D9}.Debug|Any CPU.Build.0 = Debug|Any CPU
		{495EE6A3-8C5F-4A3A-817C-98A3E0A4B5D9}.Release|Any CPU.ActiveCfg = Release|Any CPU
		{495EE6A3-8C5F-4A3A-817C-98A3E0A4B5D9}.Release|Any CPU.Build.0 = Release|Any CPU
		{D7D01F7F-4BDC-444E-9118-BF440734D110}.Debug|Any CPU.ActiveCfg = Debug|Any CPU
		{D7D01F7F-4BDC-444E-9118-BF440734D110}.Debug|Any CPU.Build.0 = Debug|Any CPU
		{D7D01F7F-4BDC-444E-9118-BF440734D110}.Release|Any CPU.ActiveCfg = Release|Any CPU
		{D7D01F7F-4BDC-444E-9118-BF440734D110}.Release|Any CPU.Build.0 = Release|Any CPU
		{D36B8E7D-DF07-4EE8-BA82-2D6A8B3E547A}.Debug|Any CPU.ActiveCfg = Debug|Any CPU
		{D36B8E7D-DF07-4EE8-BA82-2D6A8B3E547A}.Debug|Any CPU.Build.0 = Debug|Any CPU
		{D36B8E7D-DF07-4EE8-BA82-2D6A8B3E547A}.Release|Any CPU.ActiveCfg = Release|Any CPU
		{D36B8E7D-DF07-4EE8-BA82-2D6A8B3E547A}.Release|Any CPU.Build.0 = Release|Any CPU
		{11FCCEAA-39BA-4BA4-9480-3CBCC6B4E954}.Debug|Any CPU.ActiveCfg = Debug|Any CPU
		{11FCCEAA-39BA-4BA4-9480-3CBCC6B4E954}.Debug|Any CPU.Build.0 = Debug|Any CPU
		{11FCCEAA-39BA-4BA4-9480-3CBCC6B4E954}.Release|Any CPU.ActiveCfg = Release|Any CPU
		{11FCCEAA-39BA-4BA4-9480-3CBCC6B4E954}.Release|Any CPU.Build.0 = Release|Any CPU
	EndGlobalSection
	GlobalSection(SolutionProperties) = preSolution
		HideSolutionNode = FALSE
	EndGlobalSection
EndGlobal
